
Microsoft Visual Studio Solution File, Format Version 12.00
# Visual Studio 15
VisualStudioVersion = 15.0.27703.2035
MinimumVisualStudioVersion = 10.0.40219.1
Project("{8BC9CEB8-8B4A-11D0-8D11-00A0C91BC942}") = "Simple_Spec2", "Simple_Spec2\Simple_Spec2.vcxproj", "{8AE79302-DE1C-412B-9951-0DB7F9E388AA}"
EndProject
Global
	GlobalSection(SolutionConfigurationPlatforms) = preSolution
		Debug|x64 = Debug|x64
		Debug|x86 = Debug|x86
		Release|x64 = Release|x64
		Release|x86 = Release|x86
	EndGlobalSection
	GlobalSection(ProjectConfigurationPlatforms) = postSolution
		{8AE79302-DE1C-412B-9951-0DB7F9E388AA}.Debug|x64.ActiveCfg = Debug|x64
		{8AE79302-DE1C-412B-9951-0DB7F9E388AA}.Debug|x64.Build.0 = Debug|x64
		{8AE79302-DE1C-412B-9951-0DB7F9E388AA}.Debug|x86.ActiveCfg = Debug|Win32
		{8AE79302-DE1C-412B-9951-0DB7F9E388AA}.Debug|x86.Build.0 = Debug|Win32
		{8AE79302-DE1C-412B-9951-0DB7F9E388AA}.Release|x64.ActiveCfg = Release|x64
		{8AE79302-DE1C-412B-9951-0DB7F9E388AA}.Release|x64.Build.0 = Release|x64
		{8AE79302-DE1C-412B-9951-0DB7F9E388AA}.Release|x86.ActiveCfg = Release|Win32
		{8AE79302-DE1C-412B-9951-0DB7F9E388AA}.Release|x86.Build.0 = Release|Win32
	EndGlobalSection
	GlobalSection(SolutionProperties) = preSolution
		HideSolutionNode = FALSE
	EndGlobalSection
	GlobalSection(ExtensibilityGlobals) = postSolution
		SolutionGuid = {16A16CC3-6B4F-4D55-A48C-116F5330BDF2}
	EndGlobalSection
EndGlobal
